
Microsoft Visual Studio Solution File, Format Version 12.00
# Visual Studio Version 17
VisualStudioVersion = 17.6.33815.320
MinimumVisualStudioVersion = 10.0.40219.1
Project("{FAE04EC0-301F-11D3-BF4B-00C04F79EFBC}") = "FormsDB", "FormsDB.csproj", "{494C12BD-437B-41AA-ABE5-35E0AE94281A}"
EndProject
Global
	GlobalSection(SolutionConfigurationPlatforms) = preSolution
		Debug|Any CPU = Debug|Any CPU
		Release|Any CPU = Release|Any CPU
	EndGlobalSection
	GlobalSection(ProjectConfigurationPlatforms) = postSolution
		{494C12BD-437B-41AA-ABE5-35E0AE94281A}.Debug|Any CPU.ActiveCfg = Debug|Any CPU
		{494C12BD-437B-41AA-ABE5-35E0AE94281A}.Debug|Any CPU.Build.0 = Debug|Any CPU
		{494C12BD-437B-41AA-ABE5-35E0AE94281A}.Release|Any CPU.ActiveCfg = Release|Any CPU
		{494C12BD-437B-41AA-ABE5-35E0AE94281A}.Release|Any CPU.Build.0 = Release|Any CPU
	EndGlobalSection
	GlobalSection(SolutionProperties) = preSolution
		HideSolutionNode = FALSE
	EndGlobalSection
	GlobalSection(ExtensibilityGlobals) = postSolution
		SolutionGuid = {49DCC6BF-A728-42F6-8FC0-DDC5CD00ABD4}
	EndGlobalSection
EndGlobal
